
Microsoft Visual Studio Solution File, Format Version 12.00
# Visual Studio Version 17
VisualStudioVersion = 17.8.34511.84
MinimumVisualStudioVersion = 10.0.40219.1
Project("{FAE04EC0-301F-11D3-BF4B-00C04F79EFBC}") = "Learning Mangement System", "Learning Mangement System\Learning Mangement System.csproj", "{84375B6C-2E4C-447C-8ABD-191281C6620B}"
EndProject
Project("{FAE04EC0-301F-11D3-BF4B-00C04F79EFBC}") = "Library.LearningMangementSystem", "Library.LearningMangementSystem\Library.LearningMangementSystem.csproj", "{1FD32C75-53BD-4727-BEC3-99F402061359}"
EndProject
Global
	GlobalSection(SolutionConfigurationPlatforms) = preSolution
		Debug|Any CPU = Debug|Any CPU
		Release|Any CPU = Release|Any CPU
	EndGlobalSection
	GlobalSection(ProjectConfigurationPlatforms) = postSolution
		{84375B6C-2E4C-447C-8ABD-191281C6620B}.Debug|Any CPU.ActiveCfg = Debug|Any CPU
		{84375B6C-2E4C-447C-8ABD-191281C6620B}.Debug|Any CPU.Build.0 = Debug|Any CPU
		{84375B6C-2E4C-447C-8ABD-191281C6620B}.Release|Any CPU.ActiveCfg = Release|Any CPU
		{84375B6C-2E4C-447C-8ABD-191281C6620B}.Release|Any CPU.Build.0 = Release|Any CPU
		{1FD32C75-53BD-4727-BEC3-99F402061359}.Debug|Any CPU.ActiveCfg = Debug|Any CPU
		{1FD32C75-53BD-4727-BEC3-99F402061359}.Debug|Any CPU.Build.0 = Debug|Any CPU
		{1FD32C75-53BD-4727-BEC3-99F402061359}.Release|Any CPU.ActiveCfg = Release|Any CPU
		{1FD32C75-53BD-4727-BEC3-99F402061359}.Release|Any CPU.Build.0 = Release|Any CPU
	EndGlobalSection
	GlobalSection(SolutionProperties) = preSolution
		HideSolutionNode = FALSE
	EndGlobalSection
	GlobalSection(ExtensibilityGlobals) = postSolution
		SolutionGuid = {4C267252-770D-4220-8D64-91B4ED1A9C2E}
	EndGlobalSection
EndGlobal
